
Microsoft Visual Studio Solution File, Format Version 12.00
# Visual Studio 15
VisualStudioVersion = 15.0.27004.2002
MinimumVisualStudioVersion = 10.0.40219.1
Project("{FAE04EC0-301F-11D3-BF4B-00C04F79EFBC}") = "SignalR-Notification", "SignalR-Notification\SignalR-Notification.csproj", "{D1D86549-7FA8-454E-AB51-966403590B8D}"
EndProject
Project("{FAE04EC0-301F-11D3-BF4B-00C04F79EFBC}") = "SignalR-Entity", "SignalR-Entity\SignalR-Entity.csproj", "{40293B3A-3818-4480-8BB0-756EA0DBFB77}"
EndProject
Global
	GlobalSection(SolutionConfigurationPlatforms) = preSolution
		Debug|Any CPU = Debug|Any CPU
		Release|Any CPU = Release|Any CPU
	EndGlobalSection
	GlobalSection(ProjectConfigurationPlatforms) = postSolution
		{D1D86549-7FA8-454E-AB51-966403590B8D}.Debug|Any CPU.ActiveCfg = Debug|Any CPU
		{D1D86549-7FA8-454E-AB51-966403590B8D}.Debug|Any CPU.Build.0 = Debug|Any CPU
		{D1D86549-7FA8-454E-AB51-966403590B8D}.Release|Any CPU.ActiveCfg = Release|Any CPU
		{D1D86549-7FA8-454E-AB51-966403590B8D}.Release|Any CPU.Build.0 = Release|Any CPU
		{40293B3A-3818-4480-8BB0-756EA0DBFB77}.Debug|Any CPU.ActiveCfg = Debug|Any CPU
		{40293B3A-3818-4480-8BB0-756EA0DBFB77}.Debug|Any CPU.Build.0 = Debug|Any CPU
		{40293B3A-3818-4480-8BB0-756EA0DBFB77}.Release|Any CPU.ActiveCfg = Release|Any CPU
		{40293B3A-3818-4480-8BB0-756EA0DBFB77}.Release|Any CPU.Build.0 = Release|Any CPU
	EndGlobalSection
	GlobalSection(SolutionProperties) = preSolution
		HideSolutionNode = FALSE
	EndGlobalSection
	GlobalSection(ExtensibilityGlobals) = postSolution
		SolutionGuid = {4400F54F-943F-4454-AD7F-EB9159ABDE43}
	EndGlobalSection
EndGlobal
